<?xml version="1.0" encoding="UTF-8" standalone="yes" ?>
<CodeBlocks_project_file>
	<FileVersion major="1" minor="6" />
	<Project>
		<Option title="The World of Boro" />
		<Option pch_mode="2" />
		<Option compiler="gcc" />
		<Build>
			<Target title="Debug">
				<Option output="bin/Debug/The world of Boro" prefix_auto="1" extension_auto="1" />
				<Option object_output="obj/Debug/" />
				<Option type="1" />
				<Option compiler="gcc" />
				<Compiler>
					<Add option="-g" />
				</Compiler>
				<Linker>
					<Add library="sfml-graphics-d" />
					<Add library="sfml-window-d" />
					<Add library="sfml-system-d" />
				</Linker>
			</Target>
			<Target title="Release">
				<Option output="bin/Release/The world of Boro" prefix_auto="1" extension_auto="1" />
				<Option object_output="obj/Release/" />
				<Option type="0" />
				<Option compiler="gcc" />
				<Compiler>
					<Add option="-O2" />
				</Compiler>
				<Linker>
					<Add option="-s" />
					<Add library="sfml-graphics" />
					<Add library="sfml-window" />
					<Add library="sfml-system" />
				</Linker>
			</Target>
		</Build>
		<Compiler>
			<Add option="-Wall" />
			<Add directory="C:/Users/Bartek/Desktop/C++/Biblioteki/SFML-2.1-windows-gcc-4.7-tdm-32bits/SFML-2.1/include" />
		</Compiler>
		<Linker>
			<Add library="mingw32" />
			<Add library="user32" />
			<Add library="gdi32" />
			<Add library="winmm" />
			<Add library="dxguid" />
			<Add directory="C:/Users/Bartek/Desktop/C++/Biblioteki/SFML-2.1-windows-gcc-4.7-tdm-32bits/SFML-2.1/lib" />
		</Linker>
		<Unit filename="Award.cpp" />
		<Unit filename="Award.h">
			<Option target="&lt;{~None~}&gt;" />
		</Unit>
		<Unit filename="Enemy.cpp" />
		<Unit filename="Enemy.h">
			<Option target="&lt;{~None~}&gt;" />
		</Unit>
		<Unit filename="Fire.cpp" />
		<Unit filename="Fire.h">
			<Option target="&lt;{~None~}&gt;" />
		</Unit>
		<Unit filename="Mapa.cpp" />
		<Unit filename="Mapa.h">
			<Option target="&lt;{~None~}&gt;" />
		</Unit>
		<Unit filename="Player.cpp" />
		<Unit filename="Player.h">
			<Option target="&lt;{~None~}&gt;" />
		</Unit>
		<Unit filename="Score.cpp" />
		<Unit filename="Score.h">
			<Option target="&lt;{~None~}&gt;" />
		</Unit>
		<Unit filename="User.cpp" />
		<Unit filename="User.h">
			<Option target="&lt;{~None~}&gt;" />
		</Unit>
		<Unit filename="main.cpp" />
		<Unit filename="naglowki.h">
			<Option target="&lt;{~None~}&gt;" />
		</Unit>
		<Unit filename="zasoby.rc">
			<Option compilerVar="WINDRES" />
		</Unit>
		<Extensions>
			<code_completion />
			<envvars />
			<debugger />
			<lib_finder disable_auto="1" />
		</Extensions>
	</Project>
</CodeBlocks_project_file>
